
Microsoft Visual Studio Solution File, Format Version 12.00
# Visual Studio Version 16
VisualStudioVersion = 16.0.31911.196
MinimumVisualStudioVersion = 10.0.40219.1
Project("{E24C65DC-7377-472B-9ABA-BC803B73C61A}") = "Elegant", ".", "{7899C3EE-12C9-449C-AF13-6C61095C7F7A}"
	ProjectSection(WebsiteProperties) = preProject
		TargetFrameworkMoniker = ".NETFramework,Version%3Dv4.0"
		Debug.AspNetCompiler.VirtualPath = "/localhost_53320"
		Debug.AspNetCompiler.PhysicalPath = "..\Elegant\"
		Debug.AspNetCompiler.TargetPath = "PrecompiledWeb\localhost_53320\"
		Debug.AspNetCompiler.Updateable = "true"
		Debug.AspNetCompiler.ForceOverwrite = "true"
		Debug.AspNetCompiler.FixedNames = "false"
		Debug.AspNetCompiler.Debug = "True"
		Release.AspNetCompiler.VirtualPath = "/localhost_53320"
		Release.AspNetCompiler.PhysicalPath = "..\Elegant\"
		Release.AspNetCompiler.TargetPath = "PrecompiledWeb\localhost_53320\"
		Release.AspNetCompiler.Updateable = "true"
		Release.AspNetCompiler.ForceOverwrite = "true"
		Release.AspNetCompiler.FixedNames = "false"
		Release.AspNetCompiler.Debug = "False"
		VWDPort = "53320"
		SlnRelativePath = "..\Elegant\"
	EndProjectSection
EndProject
Global
	GlobalSection(SolutionConfigurationPlatforms) = preSolution
		Debug|Any CPU = Debug|Any CPU
	EndGlobalSection
	GlobalSection(ProjectConfigurationPlatforms) = postSolution
		{7899C3EE-12C9-449C-AF13-6C61095C7F7A}.Debug|Any CPU.ActiveCfg = Debug|Any CPU
		{7899C3EE-12C9-449C-AF13-6C61095C7F7A}.Debug|Any CPU.Build.0 = Debug|Any CPU
	EndGlobalSection
	GlobalSection(SolutionProperties) = preSolution
		HideSolutionNode = FALSE
	EndGlobalSection
	GlobalSection(ExtensibilityGlobals) = postSolution
		SolutionGuid = {00A34639-02B4-445D-8A8B-4D598C4179FC}
	EndGlobalSection
EndGlobal
